// !$*UTF8*$!
{
	archiveVersion = 1;
	classes = {
	};
	objectVersion = 46;
	objects = {

/* Begin PBXBuildFile section */
		05D1A3121A4A55F500B720F7 /* NSAlert+MKNetworkKitAdditions.m in Sources */ = {isa = PBXBuildFile; fileRef = 05D1A3001A4A55F500B720F7 /* NSAlert+MKNetworkKitAdditions.m */; };
		05D1A3131A4A55F500B720F7 /* NSData+MKBase64.m in Sources */ = {isa = PBXBuildFile; fileRef = 05D1A3021A4A55F500B720F7 /* NSData+MKBase64.m */; };
		05D1A3141A4A55F500B720F7 /* NSDate+RFC1123.m in Sources */ = {isa = PBXBuildFile; fileRef = 05D1A3041A4A55F500B720F7 /* NSDate+RFC1123.m */; };
		05D1A3151A4A55F500B720F7 /* NSDictionary+RequestEncoding.m in Sources */ = {isa = PBXBuildFile; fileRef = 05D1A3061A4A55F500B720F7 /* NSDictionary+RequestEncoding.m */; };
		05D1A3161A4A55F500B720F7 /* NSString+MKNetworkKitAdditions.m in Sources */ = {isa = PBXBuildFile; fileRef = 05D1A3081A4A55F500B720F7 /* NSString+MKNetworkKitAdditions.m */; };
		05D1A3171A4A55F500B720F7 /* UIAlertView+MKNetworkKitAdditions.m in Sources */ = {isa = PBXBuildFile; fileRef = 05D1A30A1A4A55F500B720F7 /* UIAlertView+MKNetworkKitAdditions.m */; };
		05D1A3181A4A55F500B720F7 /* UIImageView+MKNetworkKitAdditions.m in Sources */ = {isa = PBXBuildFile; fileRef = 05D1A30C1A4A55F500B720F7 /* UIImageView+MKNetworkKitAdditions.m */; };
		05D1A3191A4A55F500B720F7 /* MKNetworkEngine.m in Sources */ = {isa = PBXBuildFile; fileRef = 05D1A30E1A4A55F500B720F7 /* MKNetworkEngine.m */; };
		05D1A31A1A4A55F500B720F7 /* MKNetworkOperation.m in Sources */ = {isa = PBXBuildFile; fileRef = 05D1A3111A4A55F500B720F7 /* MKNetworkOperation.m */; };
		05D1A31C1A4A567C00B720F7 /* CFNetwork.framework in Frameworks */ = {isa = PBXBuildFile; fileRef = 05D1A31B1A4A567C00B720F7 /* CFNetwork.framework */; };
		05D1A31E1A4A568C00B720F7 /* SystemConfiguration.framework in Frameworks */ = {isa = PBXBuildFile; fileRef = 05D1A31D1A4A568C00B720F7 /* SystemConfiguration.framework */; };
		05D1A3201A4A569300B720F7 /* Security.framework in Frameworks */ = {isa = PBXBuildFile; fileRef = 05D1A31F1A4A569300B720F7 /* Security.framework */; };
		05D1A3241A4A8ADD00B720F7 /* Reachability.m in Sources */ = {isa = PBXBuildFile; fileRef = 05D1A3231A4A8ADD00B720F7 /* Reachability.m */; };
		05D272A21A4D3DC000697142 /* TestBaseViewController.m in Sources */ = {isa = PBXBuildFile; fileRef = 05D272A11A4D3DC000697142 /* TestBaseViewController.m */; };
		05D4C1BA1A52332F00BE9501 /* TestHTTPRequest.m in Sources */ = {isa = PBXBuildFile; fileRef = 05D4C1B91A52332F00BE9501 /* TestHTTPRequest.m */; };
		05E645901A396A8C00A2E9B1 /* main.m in Sources */ = {isa = PBXBuildFile; fileRef = 05E6458F1A396A8C00A2E9B1 /* main.m */; };
		05E645931A396A8C00A2E9B1 /* AppDelegate.m in Sources */ = {isa = PBXBuildFile; fileRef = 05E645921A396A8C00A2E9B1 /* AppDelegate.m */; };
		05E645951A396A8C00A2E9B1 /* Images.xcassets in Resources */ = {isa = PBXBuildFile; fileRef = 05E645941A396A8C00A2E9B1 /* Images.xcassets */; };
		05E645981A396A8C00A2E9B1 /* LaunchScreen.xib in Resources */ = {isa = PBXBuildFile; fileRef = 05E645961A396A8C00A2E9B1 /* LaunchScreen.xib */; };
		05E645A41A396A8C00A2E9B1 /* test1PTests.m in Sources */ = {isa = PBXBuildFile; fileRef = 05E645A31A396A8C00A2E9B1 /* test1PTests.m */; };
		05E645B41A396E8D00A2E9B1 /* tool.m in Sources */ = {isa = PBXBuildFile; fileRef = 05E645B31A396E8D00A2E9B1 /* tool.m */; };
		05E645B91A39787400A2E9B1 /* TestLoginControl.m in Sources */ = {isa = PBXBuildFile; fileRef = 05E645B81A39787400A2E9B1 /* TestLoginControl.m */; };
/* End PBXBuildFile section */

/* Begin PBXContainerItemProxy section */
		05E6459E1A396A8C00A2E9B1 /* PBXContainerItemProxy */ = {
			isa = PBXContainerItemProxy;
			containerPortal = 05E645821A396A8C00A2E9B1 /* Project object */;
			proxyType = 1;
			remoteGlobalIDString = 05E645891A396A8C00A2E9B1;
			remoteInfo = test1P;
		};
/* End PBXContainerItemProxy section */

/* Begin PBXFileReference section */
		05D1A2FF1A4A55F500B720F7 /* NSAlert+MKNetworkKitAdditions.h */ = {isa = PBXFileReference; fileEncoding = 4; lastKnownFileType = sourcecode.c.h; path = "NSAlert+MKNetworkKitAdditions.h"; sourceTree = "<group>"; };
		05D1A3001A4A55F500B720F7 /* NSAlert+MKNetworkKitAdditions.m */ = {isa = PBXFileReference; fileEncoding = 4; lastKnownFileType = sourcecode.c.objc; path = "NSAlert+MKNetworkKitAdditions.m"; sourceTree = "<group>"; };
		05D1A3011A4A55F500B720F7 /* NSData+MKBase64.h */ = {isa = PBXFileReference; fileEncoding = 4; lastKnownFileType = sourcecode.c.h; path = "NSData+MKBase64.h"; sourceTree = "<group>"; };
		05D1A3021A4A55F500B720F7 /* NSData+MKBase64.m */ = {isa = PBXFileReference; fileEncoding = 4; lastKnownFileType = sourcecode.c.objc; path = "NSData+MKBase64.m"; sourceTree = "<group>"; };
		05D1A3031A4A55F500B720F7 /* NSDate+RFC1123.h */ = {isa = PBXFileReference; fileEncoding = 4; lastKnownFileType = sourcecode.c.h; path = "NSDate+RFC1123.h"; sourceTree = "<group>"; };
		05D1A3041A4A55F500B720F7 /* NSDate+RFC1123.m */ = {isa = PBXFileReference; fileEncoding = 4; lastKnownFileType = sourcecode.c.objc; path = "NSDate+RFC1123.m"; sourceTree = "<group>"; };
		05D1A3051A4A55F500B720F7 /* NSDictionary+RequestEncoding.h */ = {isa = PBXFileReference; fileEncoding = 4; lastKnownFileType = sourcecode.c.h; path = "NSDictionary+RequestEncoding.h"; sourceTree = "<group>"; };
		05D1A3061A4A55F500B720F7 /* NSDictionary+RequestEncoding.m */ = {isa = PBXFileReference; fileEncoding = 4; lastKnownFileType = sourcecode.c.objc; path = "NSDictionary+RequestEncoding.m"; sourceTree = "<group>"; };
		05D1A3071A4A55F500B720F7 /* NSString+MKNetworkKitAdditions.h */ = {isa = PBXFileReference; fileEncoding = 4; lastKnownFileType = sourcecode.c.h; path = "NSString+MKNetworkKitAdditions.h"; sourceTree = "<group>"; };
		05D1A3081A4A55F500B720F7 /* NSString+MKNetworkKitAdditions.m */ = {isa = PBXFileReference; fileEncoding = 4; lastKnownFileType = sourcecode.c.objc; path = "NSString+MKNetworkKitAdditions.m"; sourceTree = "<group>"; };
		05D1A3091A4A55F500B720F7 /* UIAlertView+MKNetworkKitAdditions.h */ = {isa = PBXFileReference; fileEncoding = 4; lastKnownFileType = sourcecode.c.h; path = "UIAlertView+MKNetworkKitAdditions.h"; sourceTree = "<group>"; };
		05D1A30A1A4A55F500B720F7 /* UIAlertView+MKNetworkKitAdditions.m */ = {isa = PBXFileReference; fileEncoding = 4; lastKnownFileType = sourcecode.c.objc; path = "UIAlertView+MKNetworkKitAdditions.m"; sourceTree = "<group>"; };
		05D1A30B1A4A55F500B720F7 /* UIImageView+MKNetworkKitAdditions.h */ = {isa = PBXFileReference; fileEncoding = 4; lastKnownFileType = sourcecode.c.h; path = "UIImageView+MKNetworkKitAdditions.h"; sourceTree = "<group>"; };
		05D1A30C1A4A55F500B720F7 /* UIImageView+MKNetworkKitAdditions.m */ = {isa = PBXFileReference; fileEncoding = 4; lastKnownFileType = sourcecode.c.objc; path = "UIImageView+MKNetworkKitAdditions.m"; sourceTree = "<group>"; };
		05D1A30D1A4A55F500B720F7 /* MKNetworkEngine.h */ = {isa = PBXFileReference; fileEncoding = 4; lastKnownFileType = sourcecode.c.h; path = MKNetworkEngine.h; sourceTree = "<group>"; };
		05D1A30E1A4A55F500B720F7 /* MKNetworkEngine.m */ = {isa = PBXFileReference; fileEncoding = 4; lastKnownFileType = sourcecode.c.objc; path = MKNetworkEngine.m; sourceTree = "<group>"; };
		05D1A30F1A4A55F500B720F7 /* MKNetworkKit.h */ = {isa = PBXFileReference; fileEncoding = 4; lastKnownFileType = sourcecode.c.h; path = MKNetworkKit.h; sourceTree = "<group>"; };
		05D1A3101A4A55F500B720F7 /* MKNetworkOperation.h */ = {isa = PBXFileReference; fileEncoding = 4; lastKnownFileType = sourcecode.c.h; path = MKNetworkOperation.h; sourceTree = "<group>"; };
		05D1A3111A4A55F500B720F7 /* MKNetworkOperation.m */ = {isa = PBXFileReference; fileEncoding = 4; lastKnownFileType = sourcecode.c.objc; path = MKNetworkOperation.m; sourceTree = "<group>"; };
		05D1A31B1A4A567C00B720F7 /* CFNetwork.framework */ = {isa = PBXFileReference; lastKnownFileType = wrapper.framework; name = CFNetwork.framework; path = System/Library/Frameworks/CFNetwork.framework; sourceTree = SDKROOT; };
		05D1A31D1A4A568C00B720F7 /* SystemConfiguration.framework */ = {isa = PBXFileReference; lastKnownFileType = wrapper.framework; name = SystemConfiguration.framework; path = System/Library/Frameworks/SystemConfiguration.framework; sourceTree = SDKROOT; };
		05D1A31F1A4A569300B720F7 /* Security.framework */ = {isa = PBXFileReference; lastKnownFileType = wrapper.framework; name = Security.framework; path = System/Library/Frameworks/Security.framework; sourceTree = SDKROOT; };
		05D1A3221A4A8ADD00B720F7 /* Reachability.h */ = {isa = PBXFileReference; fileEncoding = 4; lastKnownFileType = sourcecode.c.h; path = Reachability.h; sourceTree = "<group>"; };
		05D1A3231A4A8ADD00B720F7 /* Reachability.m */ = {isa = PBXFileReference; fileEncoding = 4; lastKnownFileType = sourcecode.c.objc; path = Reachability.m; sourceTree = "<group>"; };
		05D272A01A4D3DC000697142 /* TestBaseViewController.h */ = {isa = PBXFileReference; fileEncoding = 4; lastKnownFileType = sourcecode.c.h; path = TestBaseViewController.h; sourceTree = "<group>"; };
		05D272A11A4D3DC000697142 /* TestBaseViewController.m */ = {isa = PBXFileReference; fileEncoding = 4; lastKnownFileType = sourcecode.c.objc; path = TestBaseViewController.m; sourceTree = "<group>"; };
		05D4C1B81A52332F00BE9501 /* TestHTTPRequest.h */ = {isa = PBXFileReference; fileEncoding = 4; lastKnownFileType = sourcecode.c.h; path = TestHTTPRequest.h; sourceTree = "<group>"; };
		05D4C1B91A52332F00BE9501 /* TestHTTPRequest.m */ = {isa = PBXFileReference; fileEncoding = 4; lastKnownFileType = sourcecode.c.objc; path = TestHTTPRequest.m; sourceTree = "<group>"; };
		05E6458A1A396A8C00A2E9B1 /* test1P.app */ = {isa = PBXFileReference; explicitFileType = wrapper.application; includeInIndex = 0; path = test1P.app; sourceTree = BUILT_PRODUCTS_DIR; };
		05E6458E1A396A8C00A2E9B1 /* Info.plist */ = {isa = PBXFileReference; lastKnownFileType = text.plist.xml; path = Info.plist; sourceTree = "<group>"; };
		05E6458F1A396A8C00A2E9B1 /* main.m */ = {isa = PBXFileReference; lastKnownFileType = sourcecode.c.objc; path = main.m; sourceTree = "<group>"; };
		05E645911A396A8C00A2E9B1 /* AppDelegate.h */ = {isa = PBXFileReference; lastKnownFileType = sourcecode.c.h; path = AppDelegate.h; sourceTree = "<group>"; };
		05E645921A396A8C00A2E9B1 /* AppDelegate.m */ = {isa = PBXFileReference; lastKnownFileType = sourcecode.c.objc; path = AppDelegate.m; sourceTree = "<group>"; };
		05E645941A396A8C00A2E9B1 /* Images.xcassets */ = {isa = PBXFileReference; lastKnownFileType = folder.assetcatalog; path = Images.xcassets; sourceTree = "<group>"; };
		05E645971A396A8C00A2E9B1 /* Base */ = {isa = PBXFileReference; lastKnownFileType = file.xib; name = Base; path = Base.lproj/LaunchScreen.xib; sourceTree = "<group>"; };
		05E6459D1A396A8C00A2E9B1 /* test1PTests.xctest */ = {isa = PBXFileReference; explicitFileType = wrapper.cfbundle; includeInIndex = 0; path = test1PTests.xctest; sourceTree = BUILT_PRODUCTS_DIR; };
		05E645A21A396A8C00A2E9B1 /* Info.plist */ = {isa = PBXFileReference; lastKnownFileType = text.plist.xml; path = Info.plist; sourceTree = "<group>"; };
		05E645A31A396A8C00A2E9B1 /* test1PTests.m */ = {isa = PBXFileReference; lastKnownFileType = sourcecode.c.objc; path = test1PTests.m; sourceTree = "<group>"; };
		05E645B21A396E8D00A2E9B1 /* tool.h */ = {isa = PBXFileReference; fileEncoding = 4; lastKnownFileType = sourcecode.c.h; path = tool.h; sourceTree = "<group>"; };
		05E645B31A396E8D00A2E9B1 /* tool.m */ = {isa = PBXFileReference; fileEncoding = 4; lastKnownFileType = sourcecode.c.objc; path = tool.m; sourceTree = "<group>"; };
		05E645B51A396FDD00A2E9B1 /* test1P.pch */ = {isa = PBXFileReference; lastKnownFileType = sourcecode.c.h; path = test1P.pch; sourceTree = "<group>"; };
		05E645B71A39787400A2E9B1 /* TestLoginControl.h */ = {isa = PBXFileReference; fileEncoding = 4; lastKnownFileType = sourcecode.c.h; path = TestLoginControl.h; sourceTree = "<group>"; };
		05E645B81A39787400A2E9B1 /* TestLoginControl.m */ = {isa = PBXFileReference; fileEncoding = 4; lastKnownFileType = sourcecode.c.objc; path = TestLoginControl.m; sourceTree = "<group>"; };
/* End PBXFileReference section */

/* Begin PBXFrameworksBuildPhase section */
		05E645871A396A8C00A2E9B1 /* Frameworks */ = {
			isa = PBXFrameworksBuildPhase;
			buildActionMask = 2147483647;
			files = (
				05D1A3201A4A569300B720F7 /* Security.framework in Frameworks */,
				05D1A31E1A4A568C00B720F7 /* SystemConfiguration.framework in Frameworks */,
				05D1A31C1A4A567C00B720F7 /* CFNetwork.framework in Frameworks */,
			);
			runOnlyForDeploymentPostprocessing = 0;
		};
		05E6459A1A396A8C00A2E9B1 /* Frameworks */ = {
			isa = PBXFrameworksBuildPhase;
			buildActionMask = 2147483647;
			files = (
			);
			runOnlyForDeploymentPostprocessing = 0;
		};
/* End PBXFrameworksBuildPhase section */

/* Begin PBXGroup section */
		05D1A2FC1A4A55F500B720F7 /* Network */ = {
			isa = PBXGroup;
			children = (
				05D1A3211A4A8ADD00B720F7 /* Reachability */,
				05D1A2FD1A4A55F500B720F7 /* MKNetworkKit */,
			);
			path = Network;
			sourceTree = "<group>";
		};
		05D1A2FD1A4A55F500B720F7 /* MKNetworkKit */ = {
			isa = PBXGroup;
			children = (
				05D1A2FE1A4A55F500B720F7 /* Categories */,
				05D1A30D1A4A55F500B720F7 /* MKNetworkEngine.h */,
				05D1A30E1A4A55F500B720F7 /* MKNetworkEngine.m */,
				05D1A30F1A4A55F500B720F7 /* MKNetworkKit.h */,
				05D1A3101A4A55F500B720F7 /* MKNetworkOperation.h */,
				05D1A3111A4A55F500B720F7 /* MKNetworkOperation.m */,
			);
			path = MKNetworkKit;
			sourceTree = "<group>";
		};
		05D1A2FE1A4A55F500B720F7 /* Categories */ = {
			isa = PBXGroup;
			children = (
				05D1A2FF1A4A55F500B720F7 /* NSAlert+MKNetworkKitAdditions.h */,
				05D1A3001A4A55F500B720F7 /* NSAlert+MKNetworkKitAdditions.m */,
				05D1A3011A4A55F500B720F7 /* NSData+MKBase64.h */,
				05D1A3021A4A55F500B720F7 /* NSData+MKBase64.m */,
				05D1A3031A4A55F500B720F7 /* NSDate+RFC1123.h */,
				05D1A3041A4A55F500B720F7 /* NSDate+RFC1123.m */,
				05D1A3051A4A55F500B720F7 /* NSDictionary+RequestEncoding.h */,
				05D1A3061A4A55F500B720F7 /* NSDictionary+RequestEncoding.m */,
				05D1A3071A4A55F500B720F7 /* NSString+MKNetworkKitAdditions.h */,
				05D1A3081A4A55F500B720F7 /* NSString+MKNetworkKitAdditions.m */,
				05D1A3091A4A55F500B720F7 /* UIAlertView+MKNetworkKitAdditions.h */,
				05D1A30A1A4A55F500B720F7 /* UIAlertView+MKNetworkKitAdditions.m */,
				05D1A30B1A4A55F500B720F7 /* UIImageView+MKNetworkKitAdditions.h */,
				05D1A30C1A4A55F500B720F7 /* UIImageView+MKNetworkKitAdditions.m */,
			);
			path = Categories;
			sourceTree = "<group>";
		};
		05D1A3211A4A8ADD00B720F7 /* Reachability */ = {
			isa = PBXGroup;
			children = (
				05D1A3221A4A8ADD00B720F7 /* Reachability.h */,
				05D1A3231A4A8ADD00B720F7 /* Reachability.m */,
			);
			path = Reachability;
			sourceTree = "<group>";
		};
		05E645811A396A8C00A2E9B1 = {
			isa = PBXGroup;
			children = (
				05D1A31F1A4A569300B720F7 /* Security.framework */,
				05D1A31D1A4A568C00B720F7 /* SystemConfiguration.framework */,
				05D1A31B1A4A567C00B720F7 /* CFNetwork.framework */,
				05E6458C1A396A8C00A2E9B1 /* test1P */,
				05E645A01A396A8C00A2E9B1 /* test1PTests */,
				05E6458B1A396A8C00A2E9B1 /* Products */,
			);
			sourceTree = "<group>";
		};
		05E6458B1A396A8C00A2E9B1 /* Products */ = {
			isa = PBXGroup;
			children = (
				05E6458A1A396A8C00A2E9B1 /* test1P.app */,
				05E6459D1A396A8C00A2E9B1 /* test1PTests.xctest */,
			);
			name = Products;
			sourceTree = "<group>";
		};
		05E6458C1A396A8C00A2E9B1 /* test1P */ = {
			isa = PBXGroup;
			children = (
				05D1A2FC1A4A55F500B720F7 /* Network */,
				05E645B61A39785C00A2E9B1 /* LoginControl */,
				05E645B11A396DC300A2E9B1 /* common */,
				05E645911A396A8C00A2E9B1 /* AppDelegate.h */,
				05E645921A396A8C00A2E9B1 /* AppDelegate.m */,
				05E645941A396A8C00A2E9B1 /* Images.xcassets */,
				05E645961A396A8C00A2E9B1 /* LaunchScreen.xib */,
				05E6458D1A396A8C00A2E9B1 /* Supporting Files */,
			);
			path = test1P;
			sourceTree = "<group>";
		};
		05E6458D1A396A8C00A2E9B1 /* Supporting Files */ = {
			isa = PBXGroup;
			children = (
				05E6458E1A396A8C00A2E9B1 /* Info.plist */,
				05E6458F1A396A8C00A2E9B1 /* main.m */,
				05E645B51A396FDD00A2E9B1 /* test1P.pch */,
			);
			name = "Supporting Files";
			sourceTree = "<group>";
		};
		05E645A01A396A8C00A2E9B1 /* test1PTests */ = {
			isa = PBXGroup;
			children = (
				05E645A31A396A8C00A2E9B1 /* test1PTests.m */,
				05E645A11A396A8C00A2E9B1 /* Supporting Files */,
			);
			path = test1PTests;
			sourceTree = "<group>";
		};
		05E645A11A396A8C00A2E9B1 /* Supporting Files */ = {
			isa = PBXGroup;
			children = (
				05E645A21A396A8C00A2E9B1 /* Info.plist */,
			);
			name = "Supporting Files";
			sourceTree = "<group>";
		};
		05E645B11A396DC300A2E9B1 /* common */ = {
			isa = PBXGroup;
			children = (
				05E645B21A396E8D00A2E9B1 /* tool.h */,
				05E645B31A396E8D00A2E9B1 /* tool.m */,
				05D272A01A4D3DC000697142 /* TestBaseViewController.h */,
				05D272A11A4D3DC000697142 /* TestBaseViewController.m */,
				05D4C1B81A52332F00BE9501 /* TestHTTPRequest.h */,
				05D4C1B91A52332F00BE9501 /* TestHTTPRequest.m */,
			);
			path = common;
			sourceTree = "<group>";
		};
		05E645B61A39785C00A2E9B1 /* LoginControl */ = {
			isa = PBXGroup;
			children = (
				05E645B71A39787400A2E9B1 /* TestLoginControl.h */,
				05E645B81A39787400A2E9B1 /* TestLoginControl.m */,
			);
			path = LoginControl;
			sourceTree = "<group>";
		};
/* End PBXGroup section */

/* Begin PBXNativeTarget section */
		05E645891A396A8C00A2E9B1 /* test1P */ = {
			isa = PBXNativeTarget;
			buildConfigurationList = 05E645A71A396A8C00A2E9B1 /* Build configuration list for PBXNativeTarget "test1P" */;
			buildPhases = (
				05E645861A396A8C00A2E9B1 /* Sources */,
				05E645871A396A8C00A2E9B1 /* Frameworks */,
				05E645881A396A8C00A2E9B1 /* Resources */,
			);
			buildRules = (
			);
			dependencies = (
			);
			name = test1P;
			productName = test1P;
			productReference = 05E6458A1A396A8C00A2E9B1 /* test1P.app */;
			productType = "com.apple.product-type.application";
		};
		05E6459C1A396A8C00A2E9B1 /* test1PTests */ = {
			isa = PBXNativeTarget;
			buildConfigurationList = 05E645AA1A396A8C00A2E9B1 /* Build configuration list for PBXNativeTarget "test1PTests" */;
			buildPhases = (
				05E645991A396A8C00A2E9B1 /* Sources */,
				05E6459A1A396A8C00A2E9B1 /* Frameworks */,
				05E6459B1A396A8C00A2E9B1 /* Resources */,
			);
			buildRules = (
			);
			dependencies = (
				05E6459F1A396A8C00A2E9B1 /* PBXTargetDependency */,
			);
			name = test1PTests;
			productName = test1PTests;
			productReference = 05E6459D1A396A8C00A2E9B1 /* test1PTests.xctest */;
			productType = "com.apple.product-type.bundle.unit-test";
		};
/* End PBXNativeTarget section */

/* Begin PBXProject section */
		05E645821A396A8C00A2E9B1 /* Project object */ = {
			isa = PBXProject;
			attributes = {
				LastUpgradeCheck = 0620;
				ORGANIZATIONNAME = Deanqiu;
				TargetAttributes = {
					05E645891A396A8C00A2E9B1 = {
						CreatedOnToolsVersion = 6.2;
					};
					05E6459C1A396A8C00A2E9B1 = {
						CreatedOnToolsVersion = 6.2;
						TestTargetID = 05E645891A396A8C00A2E9B1;
					};
				};
			};
			buildConfigurationList = 05E645851A396A8C00A2E9B1 /* Build configuration list for PBXProject "test1P" */;
			compatibilityVersion = "Xcode 3.2";
			developmentRegion = English;
			hasScannedForEncodings = 0;
			knownRegions = (
				en,
				Base,
			);
			mainGroup = 05E645811A396A8C00A2E9B1;
			productRefGroup = 05E6458B1A396A8C00A2E9B1 /* Products */;
			projectDirPath = "";
			projectRoot = "";
			targets = (
				05E645891A396A8C00A2E9B1 /* test1P */,
				05E6459C1A396A8C00A2E9B1 /* test1PTests */,
			);
		};
/* End PBXProject section */

/* Begin PBXResourcesBuildPhase section */
		05E645881A396A8C00A2E9B1 /* Resources */ = {
			isa = PBXResourcesBuildPhase;
			buildActionMask = 2147483647;
			files = (
				05E645981A396A8C00A2E9B1 /* LaunchScreen.xib in Resources */,
				05E645951A396A8C00A2E9B1 /* Images.xcassets in Resources */,
			);
			runOnlyForDeploymentPostprocessing = 0;
		};
		05E6459B1A396A8C00A2E9B1 /* Resources */ = {
			isa = PBXResourcesBuildPhase;
			buildActionMask = 2147483647;
			files = (
			);
			runOnlyForDeploymentPostprocessing = 0;
		};
/* End PBXResourcesBuildPhase section */

/* Begin PBXSourcesBuildPhase section */
		05E645861A396A8C00A2E9B1 /* Sources */ = {
			isa = PBXSourcesBuildPhase;
			buildActionMask = 2147483647;
			files = (
				05D1A3161A4A55F500B720F7 /* NSString+MKNetworkKitAdditions.m in Sources */,
				05D1A3121A4A55F500B720F7 /* NSAlert+MKNetworkKitAdditions.m in Sources */,
				05E645931A396A8C00A2E9B1 /* AppDelegate.m in Sources */,
				05D1A31A1A4A55F500B720F7 /* MKNetworkOperation.m in Sources */,
				05D272A21A4D3DC000697142 /* TestBaseViewController.m in Sources */,
				05D4C1BA1A52332F00BE9501 /* TestHTTPRequest.m in Sources */,
				05D1A3171A4A55F500B720F7 /* UIAlertView+MKNetworkKitAdditions.m in Sources */,
				05D1A3191A4A55F500B720F7 /* MKNetworkEngine.m in Sources */,
				05D1A3141A4A55F500B720F7 /* NSDate+RFC1123.m in Sources */,
				05D1A3151A4A55F500B720F7 /* NSDictionary+RequestEncoding.m in Sources */,
				05D1A3181A4A55F500B720F7 /* UIImageView+MKNetworkKitAdditions.m in Sources */,
				05E645901A396A8C00A2E9B1 /* main.m in Sources */,
				05D1A3241A4A8ADD00B720F7 /* Reachability.m in Sources */,
				05E645B41A396E8D00A2E9B1 /* tool.m in Sources */,
				05E645B91A39787400A2E9B1 /* TestLoginControl.m in Sources */,
				05D1A3131A4A55F500B720F7 /* NSData+MKBase64.m in Sources */,
			);
			runOnlyForDeploymentPostprocessing = 0;
		};
		05E645991A396A8C00A2E9B1 /* Sources */ = {
			isa = PBXSourcesBuildPhase;
			buildActionMask = 2147483647;
			files = (
				05E645A41A396A8C00A2E9B1 /* test1PTests.m in Sources */,
			);
			runOnlyForDeploymentPostprocessing = 0;
		};
/* End PBXSourcesBuildPhase section */

/* Begin PBXTargetDependency section */
		05E6459F1A396A8C00A2E9B1 /* PBXTargetDependency */ = {
			isa = PBXTargetDependency;
			target = 05E645891A396A8C00A2E9B1 /* test1P */;
			targetProxy = 05E6459E1A396A8C00A2E9B1 /* PBXContainerItemProxy */;
		};
/* End PBXTargetDependency section */

/* Begin PBXVariantGroup section */
		05E645961A396A8C00A2E9B1 /* LaunchScreen.xib */ = {
			isa = PBXVariantGroup;
			children = (
				05E645971A396A8C00A2E9B1 /* Base */,
			);
			name = LaunchScreen.xib;
			sourceTree = "<group>";
		};
/* End PBXVariantGroup section */

/* Begin XCBuildConfiguration section */
		05E645A51A396A8C00A2E9B1 /* Debug */ = {
			isa = XCBuildConfiguration;
			buildSettings = {
				ALWAYS_SEARCH_USER_PATHS = NO;
				CLANG_CXX_LANGUAGE_STANDARD = "gnu++0x";
				CLANG_CXX_LIBRARY = "libc++";
				CLANG_ENABLE_MODULES = YES;
				CLANG_ENABLE_OBJC_ARC = YES;
				CLANG_WARN_BOOL_CONVERSION = YES;
				CLANG_WARN_CONSTANT_CONVERSION = YES;
				CLANG_WARN_DIRECT_OBJC_ISA_USAGE = YES_ERROR;
				CLANG_WARN_EMPTY_BODY = YES;
				CLANG_WARN_ENUM_CONVERSION = YES;
				CLANG_WARN_INT_CONVERSION = YES;
				CLANG_WARN_OBJC_ROOT_CLASS = YES_ERROR;
				CLANG_WARN_UNREACHABLE_CODE = YES;
				CLANG_WARN__DUPLICATE_METHOD_MATCH = YES;
				"CODE_SIGN_IDENTITY[sdk=iphoneos*]" = "iPhone Developer";
				COPY_PHASE_STRIP = NO;
				ENABLE_STRICT_OBJC_MSGSEND = YES;
				GCC_C_LANGUAGE_STANDARD = gnu99;
				GCC_DYNAMIC_NO_PIC = NO;
				GCC_OPTIMIZATION_LEVEL = 0;
				GCC_PRECOMPILE_PREFIX_HEADER = YES;
				GCC_PREPROCESSOR_DEFINITIONS = (
					"DEBUG=1",
					"$(inherited)",
				);
				GCC_SYMBOLS_PRIVATE_EXTERN = NO;
				GCC_WARN_64_TO_32_BIT_CONVERSION = YES;
				GCC_WARN_ABOUT_RETURN_TYPE = YES_ERROR;
				GCC_WARN_UNDECLARED_SELECTOR = YES;
				GCC_WARN_UNINITIALIZED_AUTOS = YES_AGGRESSIVE;
				GCC_WARN_UNUSED_FUNCTION = YES;
				GCC_WARN_UNUSED_VARIABLE = YES;
				IPHONEOS_DEPLOYMENT_TARGET = 8.2;
				MTL_ENABLE_DEBUG_INFO = YES;
				ONLY_ACTIVE_ARCH = YES;
				SDKROOT = iphoneos;
			};
			name = Debug;
		};
		05E645A61A396A8C00A2E9B1 /* Release */ = {
			isa = XCBuildConfiguration;
			buildSettings = {
				ALWAYS_SEARCH_USER_PATHS = NO;
				CLANG_CXX_LANGUAGE_STANDARD = "gnu++0x";
				CLANG_CXX_LIBRARY = "libc++";
				CLANG_ENABLE_MODULES = YES;
				CLANG_ENABLE_OBJC_ARC = YES;
				CLANG_WARN_BOOL_CONVERSION = YES;
				CLANG_WARN_CONSTANT_CONVERSION = YES;
				CLANG_WARN_DIRECT_OBJC_ISA_USAGE = YES_ERROR;
				CLANG_WARN_EMPTY_BODY = YES;
				CLANG_WARN_ENUM_CONVERSION = YES;
				CLANG_WARN_INT_CONVERSION = YES;
				CLANG_WARN_OBJC_ROOT_CLASS = YES_ERROR;
				CLANG_WARN_UNREACHABLE_CODE = YES;
				CLANG_WARN__DUPLICATE_METHOD_MATCH = YES;
				"CODE_SIGN_IDENTITY[sdk=iphoneos*]" = "iPhone Developer";
				COPY_PHASE_STRIP = YES;
				ENABLE_NS_ASSERTIONS = NO;
				ENABLE_STRICT_OBJC_MSGSEND = YES;
				GCC_C_LANGUAGE_STANDARD = gnu99;
				GCC_PRECOMPILE_PREFIX_HEADER = YES;
				GCC_WARN_64_TO_32_BIT_CONVERSION = YES;
				GCC_WARN_ABOUT_RETURN_TYPE = YES_ERROR;
				GCC_WARN_UNDECLARED_SELECTOR = YES;
				GCC_WARN_UNINITIALIZED_AUTOS = YES_AGGRESSIVE;
				GCC_WARN_UNUSED_FUNCTION = YES;
				GCC_WARN_UNUSED_VARIABLE = YES;
				IPHONEOS_DEPLOYMENT_TARGET = 8.2;
				MTL_ENABLE_DEBUG_INFO = NO;
				SDKROOT = iphoneos;
				VALIDATE_PRODUCT = YES;
			};
			name = Release;
		};
		05E645A81A396A8C00A2E9B1 /* Debug */ = {
			isa = XCBuildConfiguration;
			buildSettings = {
				ASSETCATALOG_COMPILER_APPICON_NAME = AppIcon;
				CODE_SIGN_IDENTITY = "iPhone Developer";
				GCC_PREFIX_HEADER = "/Users/dean/百度云同步盘/test1P/test1P/test1P.pch";
				INFOPLIST_FILE = test1P/Info.plist;
				LD_RUNPATH_SEARCH_PATHS = "$(inherited) @executable_path/Frameworks";
				PRODUCT_NAME = "$(TARGET_NAME)";
			};
			name = Debug;
		};
		05E645A91A396A8C00A2E9B1 /* Release */ = {
			isa = XCBuildConfiguration;
			buildSettings = {
				ASSETCATALOG_COMPILER_APPICON_NAME = AppIcon;
				CODE_SIGN_IDENTITY = "iPhone Developer";
				GCC_PREFIX_HEADER = "/Users/dean/百度云同步盘/test1P/test1P/test1P.pch";
				INFOPLIST_FILE = test1P/Info.plist;
				LD_RUNPATH_SEARCH_PATHS = "$(inherited) @executable_path/Frameworks";
				PRODUCT_NAME = "$(TARGET_NAME)";
			};
			name = Release;
		};
		05E645AB1A396A8C00A2E9B1 /* Debug */ = {
			isa = XCBuildConfiguration;
			buildSettings = {
				BUNDLE_LOADER = "$(TEST_HOST)";
				FRAMEWORK_SEARCH_PATHS = (
					"$(SDKROOT)/Developer/Library/Frameworks",
					"$(inherited)",
				);
				GCC_PREPROCESSOR_DEFINITIONS = (
					"DEBUG=1",
					"$(inherited)",
				);
				INFOPLIST_FILE = test1PTests/Info.plist;
				LD_RUNPATH_SEARCH_PATHS = "$(inherited) @executable_path/Frameworks @loader_path/Frameworks";
				PRODUCT_NAME = "$(TARGET_NAME)";
				TEST_HOST = "$(BUILT_PRODUCTS_DIR)/test1P.app/test1P";
			};
			name = Debug;
		};
		05E645AC1A396A8C00A2E9B1 /* Release */ = {
			isa = XCBuildConfiguration;
			buildSettings = {
				BUNDLE_LOADER = "$(TEST_HOST)";
				FRAMEWORK_SEARCH_PATHS = (
					"$(SDKROOT)/Developer/Library/Frameworks",
					"$(inherited)",
				);
				INFOPLIST_FILE = test1PTests/Info.plist;
				LD_RUNPATH_SEARCH_PATHS = "$(inherited) @executable_path/Frameworks @loader_path/Frameworks";
				PRODUCT_NAME = "$(TARGET_NAME)";
				TEST_HOST = "$(BUILT_PRODUCTS_DIR)/test1P.app/test1P";
			};
			name = Release;
		};
/* End XCBuildConfiguration section */

/* Begin XCConfigurationList section */
		05E645851A396A8C00A2E9B1 /* Build configuration list for PBXProject "test1P" */ = {
			isa = XCConfigurationList;
			buildConfigurations = (
				05E645A51A396A8C00A2E9B1 /* Debug */,
				05E645A61A396A8C00A2E9B1 /* Release */,
			);
			defaultConfigurationIsVisible = 0;
			defaultConfigurationName = Release;
		};
		05E645A71A396A8C00A2E9B1 /* Build configuration list for PBXNativeTarget "test1P" */ = {
			isa = XCConfigurationList;
			buildConfigurations = (
				05E645A81A396A8C00A2E9B1 /* Debug */,
				05E645A91A396A8C00A2E9B1 /* Release */,
			);
			defaultConfigurationIsVisible = 0;
			defaultConfigurationName = Release;
		};
		05E645AA1A396A8C00A2E9B1 /* Build configuration list for PBXNativeTarget "test1PTests" */ = {
			isa = XCConfigurationList;
			buildConfigurations = (
				05E645AB1A396A8C00A2E9B1 /* Debug */,
				05E645AC1A396A8C00A2E9B1 /* Release */,
			);
			defaultConfigurationIsVisible = 0;
			defaultConfigurationName = Release;
		};
/* End XCConfigurationList section */
	};
	rootObject = 05E645821A396A8C00A2E9B1 /* Project object */;
}
